
Microsoft Visual Studio Solution File, Format Version 12.00
# Visual Studio Version 17
VisualStudioVersion = 17.0.31611.283
MinimumVisualStudioVersion = 10.0.40219.1
Project("{9A19103F-16F7-4668-BE54-9A1E7A4F7556}") = "MauiSandbox", "MauiSandbox\MauiSandbox.csproj", "{D1FE57F9-BEAE-464F-9969-AE4EE6601246}"
EndProject
Project("{2150E333-8FDC-42A3-9474-1A3956D46DE8}") = "Solution Items", "Solution Items", "{20902E19-E697-40FA-91A1-9B30B13153A8}"
	ProjectSection(SolutionItems) = preProject
		.editorconfig = .editorconfig
		.gitattributes = .gitattributes
		.gitignore = .gitignore
		LICENSE.txt = LICENSE.txt
		README.md = README.md
		Settings.XamlStyler = Settings.XamlStyler
	EndProjectSection
EndProject
Project("{9A19103F-16F7-4668-BE54-9A1E7A4F7556}") = "MauiSandbox.Xamarin", "MauiSandbox.Xamarin\MauiSandbox.Xamarin.csproj", "{24F18590-0D07-40C8-96EF-DFE45E3B9C36}"
EndProject
Project("{FAE04EC0-301F-11D3-BF4B-00C04F79EFBC}") = "MauiSandbox.Xamarin.Android", "MauiSandbox.Xamarin.Android\MauiSandbox.Xamarin.Android.csproj", "{45AF61DB-6394-4F63-8E08-D659DCAC981E}"
EndProject
Project("{FAE04EC0-301F-11D3-BF4B-00C04F79EFBC}") = "MauiSandbox.Xamarin.UWP", "MauiSandbox.Xamarin.UWP\MauiSandbox.Xamarin.UWP.csproj", "{88103E3F-5A0E-40A5-8607-2655C7E1660F}"
EndProject
Project("{FAE04EC0-301F-11D3-BF4B-00C04F79EFBC}") = "MauiSandbox.Xamarin.iOS", "MauiSandbox.Xamarin.iOS\MauiSandbox.Xamarin.iOS.csproj", "{C84B95A9-DCBA-4E08-A760-E89B54092A47}"
EndProject
Global
	GlobalSection(SolutionConfigurationPlatforms) = preSolution
		Debug|Any CPU = Debug|Any CPU
		Debug|ARM = Debug|ARM
		Debug|iPhone = Debug|iPhone
		Debug|iPhoneSimulator = Debug|iPhoneSimulator
		Debug|x64 = Debug|x64
		Debug|x86 = Debug|x86
		Release|Any CPU = Release|Any CPU
		Release|ARM = Release|ARM
		Release|iPhone = Release|iPhone
		Release|iPhoneSimulator = Release|iPhoneSimulator
		Release|x64 = Release|x64
		Release|x86 = Release|x86
	EndGlobalSection
	GlobalSection(ProjectConfigurationPlatforms) = postSolution
		{D1FE57F9-BEAE-464F-9969-AE4EE6601246}.Debug|Any CPU.ActiveCfg = Debug|Any CPU
		{D1FE57F9-BEAE-464F-9969-AE4EE6601246}.Debug|Any CPU.Build.0 = Debug|Any CPU
		{D1FE57F9-BEAE-464F-9969-AE4EE6601246}.Debug|Any CPU.Deploy.0 = Debug|Any CPU
		{D1FE57F9-BEAE-464F-9969-AE4EE6601246}.Debug|ARM.ActiveCfg = Debug|Any CPU
		{D1FE57F9-BEAE-464F-9969-AE4EE6601246}.Debug|ARM.Build.0 = Debug|Any CPU
		{D1FE57F9-BEAE-464F-9969-AE4EE6601246}.Debug|ARM.Deploy.0 = Debug|Any CPU
		{D1FE57F9-BEAE-464F-9969-AE4EE6601246}.Debug|iPhone.ActiveCfg = Debug|Any CPU
		{D1FE57F9-BEAE-464F-9969-AE4EE6601246}.Debug|iPhone.Build.0 = Debug|Any CPU
		{D1FE57F9-BEAE-464F-9969-AE4EE6601246}.Debug|iPhone.Deploy.0 = Debug|Any CPU
		{D1FE57F9-BEAE-464F-9969-AE4EE6601246}.Debug|iPhoneSimulator.ActiveCfg = Debug|Any CPU
		{D1FE57F9-BEAE-464F-9969-AE4EE6601246}.Debug|iPhoneSimulator.Build.0 = Debug|Any CPU
		{D1FE57F9-BEAE-464F-9969-AE4EE6601246}.Debug|iPhoneSimulator.Deploy.0 = Debug|Any CPU
		{D1FE57F9-BEAE-464F-9969-AE4EE6601246}.Debug|x64.ActiveCfg = Debug|Any CPU
		{D1FE57F9-BEAE-464F-9969-AE4EE6601246}.Debug|x64.Build.0 = Debug|Any CPU
		{D1FE57F9-BEAE-464F-9969-AE4EE6601246}.Debug|x64.Deploy.0 = Debug|Any CPU
		{D1FE57F9-BEAE-464F-9969-AE4EE6601246}.Debug|x86.ActiveCfg = Debug|Any CPU
		{D1FE57F9-BEAE-464F-9969-AE4EE6601246}.Debug|x86.Build.0 = Debug|Any CPU
		{D1FE57F9-BEAE-464F-9969-AE4EE6601246}.Debug|x86.Deploy.0 = Debug|Any CPU
		{D1FE57F9-BEAE-464F-9969-AE4EE6601246}.Release|Any CPU.ActiveCfg = Release|Any CPU
		{D1FE57F9-BEAE-464F-9969-AE4EE6601246}.Release|Any CPU.Build.0 = Release|Any CPU
		{D1FE57F9-BEAE-464F-9969-AE4EE6601246}.Release|Any CPU.Deploy.0 = Release|Any CPU
		{D1FE57F9-BEAE-464F-9969-AE4EE6601246}.Release|ARM.ActiveCfg = Release|Any CPU
		{D1FE57F9-BEAE-464F-9969-AE4EE6601246}.Release|ARM.Build.0 = Release|Any CPU
		{D1FE57F9-BEAE-464F-9969-AE4EE6601246}.Release|ARM.Deploy.0 = Release|Any CPU
		{D1FE57F9-BEAE-464F-9969-AE4EE6601246}.Release|iPhone.ActiveCfg = Release|Any CPU
		{D1FE57F9-BEAE-464F-9969-AE4EE6601246}.Release|iPhone.Build.0 = Release|Any CPU
		{D1FE57F9-BEAE-464F-9969-AE4EE6601246}.Release|iPhone.Deploy.0 = Release|Any CPU
		{D1FE57F9-BEAE-464F-9969-AE4EE6601246}.Release|iPhoneSimulator.ActiveCfg = Release|Any CPU
		{D1FE57F9-BEAE-464F-9969-AE4EE6601246}.Release|iPhoneSimulator.Build.0 = Release|Any CPU
		{D1FE57F9-BEAE-464F-9969-AE4EE6601246}.Release|iPhoneSimulator.Deploy.0 = Release|Any CPU
		{D1FE57F9-BEAE-464F-9969-AE4EE6601246}.Release|x64.ActiveCfg = Release|Any CPU
		{D1FE57F9-BEAE-464F-9969-AE4EE6601246}.Release|x64.Build.0 = Release|Any CPU
		{D1FE57F9-BEAE-464F-9969-AE4EE6601246}.Release|x64.Deploy.0 = Release|Any CPU
		{D1FE57F9-BEAE-464F-9969-AE4EE6601246}.Release|x86.ActiveCfg = Release|Any CPU
		{D1FE57F9-BEAE-464F-9969-AE4EE6601246}.Release|x86.Build.0 = Release|Any CPU
		{D1FE57F9-BEAE-464F-9969-AE4EE6601246}.Release|x86.Deploy.0 = Release|Any CPU
		{24F18590-0D07-40C8-96EF-DFE45E3B9C36}.Debug|Any CPU.ActiveCfg = Debug|Any CPU
		{24F18590-0D07-40C8-96EF-DFE45E3B9C36}.Debug|Any CPU.Build.0 = Debug|Any CPU
		{24F18590-0D07-40C8-96EF-DFE45E3B9C36}.Debug|ARM.ActiveCfg = Debug|Any CPU
		{24F18590-0D07-40C8-96EF-DFE45E3B9C36}.Debug|ARM.Build.0 = Debug|Any CPU
		{24F18590-0D07-40C8-96EF-DFE45E3B9C36}.Debug|iPhone.ActiveCfg = Debug|Any CPU
		{24F18590-0D07-40C8-96EF-DFE45E3B9C36}.Debug|iPhone.Build.0 = Debug|Any CPU
		{24F18590-0D07-40C8-96EF-DFE45E3B9C36}.Debug|iPhoneSimulator.ActiveCfg = Debug|Any CPU
		{24F18590-0D07-40C8-96EF-DFE45E3B9C36}.Debug|iPhoneSimulator.Build.0 = Debug|Any CPU
		{24F18590-0D07-40C8-96EF-DFE45E3B9C36}.Debug|x64.ActiveCfg = Debug|Any CPU
		{24F18590-0D07-40C8-96EF-DFE45E3B9C36}.Debug|x64.Build.0 = Debug|Any CPU
		{24F18590-0D07-40C8-96EF-DFE45E3B9C36}.Debug|x86.ActiveCfg = Debug|Any CPU
		{24F18590-0D07-40C8-96EF-DFE45E3B9C36}.Debug|x86.Build.0 = Debug|Any CPU
		{24F18590-0D07-40C8-96EF-DFE45E3B9C36}.Release|Any CPU.ActiveCfg = Release|Any CPU
		{24F18590-0D07-40C8-96EF-DFE45E3B9C36}.Release|Any CPU.Build.0 = Release|Any CPU
		{24F18590-0D07-40C8-96EF-DFE45E3B9C36}.Release|ARM.ActiveCfg = Release|Any CPU
		{24F18590-0D07-40C8-96EF-DFE45E3B9C36}.Release|ARM.Build.0 = Release|Any CPU
		{24F18590-0D07-40C8-96EF-DFE45E3B9C36}.Release|iPhone.ActiveCfg = Release|Any CPU
		{24F18590-0D07-40C8-96EF-DFE45E3B9C36}.Release|iPhone.Build.0 = Release|Any CPU
		{24F18590-0D07-40C8-96EF-DFE45E3B9C36}.Release|iPhoneSimulator.ActiveCfg = Release|Any CPU
		{24F18590-0D07-40C8-96EF-DFE45E3B9C36}.Release|iPhoneSimulator.Build.0 = Release|Any CPU
		{24F18590-0D07-40C8-96EF-DFE45E3B9C36}.Release|x64.ActiveCfg = Release|Any CPU
		{24F18590-0D07-40C8-96EF-DFE45E3B9C36}.Release|x64.Build.0 = Release|Any CPU
		{24F18590-0D07-40C8-96EF-DFE45E3B9C36}.Release|x86.ActiveCfg = Release|Any CPU
		{24F18590-0D07-40C8-96EF-DFE45E3B9C36}.Release|x86.Build.0 = Release|Any CPU
		{45AF61DB-6394-4F63-8E08-D659DCAC981E}.Debug|Any CPU.ActiveCfg = Debug|Any CPU
		{45AF61DB-6394-4F63-8E08-D659DCAC981E}.Debug|Any CPU.Build.0 = Debug|Any CPU
		{45AF61DB-6394-4F63-8E08-D659DCAC981E}.Debug|Any CPU.Deploy.0 = Debug|Any CPU
		{45AF61DB-6394-4F63-8E08-D659DCAC981E}.Debug|ARM.ActiveCfg = Debug|Any CPU
		{45AF61DB-6394-4F63-8E08-D659DCAC981E}.Debug|ARM.Build.0 = Debug|Any CPU
		{45AF61DB-6394-4F63-8E08-D659DCAC981E}.Debug|ARM.Deploy.0 = Debug|Any CPU
		{45AF61DB-6394-4F63-8E08-D659DCAC981E}.Debug|iPhone.ActiveCfg = Debug|Any CPU
		{45AF61DB-6394-4F63-8E08-D659DCAC981E}.Debug|iPhone.Build.0 = Debug|Any CPU
		{45AF61DB-6394-4F63-8E08-D659DCAC981E}.Debug|iPhone.Deploy.0 = Debug|Any CPU
		{45AF61DB-6394-4F63-8E08-D659DCAC981E}.Debug|iPhoneSimulator.ActiveCfg = Debug|Any CPU
		{45AF61DB-6394-4F63-8E08-D659DCAC981E}.Debug|iPhoneSimulator.Build.0 = Debug|Any CPU
		{45AF61DB-6394-4F63-8E08-D659DCAC981E}.Debug|iPhoneSimulator.Deploy.0 = Debug|Any CPU
		{45AF61DB-6394-4F63-8E08-D659DCAC981E}.Debug|x64.ActiveCfg = Debug|Any CPU
		{45AF61DB-6394-4F63-8E08-D659DCAC981E}.Debug|x64.Build.0 = Debug|Any CPU
		{45AF61DB-6394-4F63-8E08-D659DCAC981E}.Debug|x64.Deploy.0 = Debug|Any CPU
		{45AF61DB-6394-4F63-8E08-D659DCAC981E}.Debug|x86.ActiveCfg = Debug|Any CPU
		{45AF61DB-6394-4F63-8E08-D659DCAC981E}.Debug|x86.Build.0 = Debug|Any CPU
		{45AF61DB-6394-4F63-8E08-D659DCAC981E}.Debug|x86.Deploy.0 = Debug|Any CPU
		{45AF61DB-6394-4F63-8E08-D659DCAC981E}.Release|Any CPU.ActiveCfg = Release|Any CPU
		{45AF61DB-6394-4F63-8E08-D659DCAC981E}.Release|Any CPU.Build.0 = Release|Any CPU
		{45AF61DB-6394-4F63-8E08-D659DCAC981E}.Release|Any CPU.Deploy.0 = Release|Any CPU
		{45AF61DB-6394-4F63-8E08-D659DCAC981E}.Release|ARM.ActiveCfg = Release|Any CPU
		{45AF61DB-6394-4F63-8E08-D659DCAC981E}.Release|ARM.Build.0 = Release|Any CPU
		{45AF61DB-6394-4F63-8E08-D659DCAC981E}.Release|ARM.Deploy.0 = Release|Any CPU
		{45AF61DB-6394-4F63-8E08-D659DCAC981E}.Release|iPhone.ActiveCfg = Release|Any CPU
		{45AF61DB-6394-4F63-8E08-D659DCAC981E}.Release|iPhone.Build.0 = Release|Any CPU
		{45AF61DB-6394-4F63-8E08-D659DCAC981E}.Release|iPhone.Deploy.0 = Release|Any CPU
		{45AF61DB-6394-4F63-8E08-D659DCAC981E}.Release|iPhoneSimulator.ActiveCfg = Release|Any CPU
		{45AF61DB-6394-4F63-8E08-D659DCAC981E}.Release|iPhoneSimulator.Build.0 = Release|Any CPU
		{45AF61DB-6394-4F63-8E08-D659DCAC981E}.Release|iPhoneSimulator.Deploy.0 = Release|Any CPU
		{45AF61DB-6394-4F63-8E08-D659DCAC981E}.Release|x64.ActiveCfg = Release|Any CPU
		{45AF61DB-6394-4F63-8E08-D659DCAC981E}.Release|x64.Build.0 = Release|Any CPU
		{45AF61DB-6394-4F63-8E08-D659DCAC981E}.Release|x64.Deploy.0 = Release|Any CPU
		{45AF61DB-6394-4F63-8E08-D659DCAC981E}.Release|x86.ActiveCfg = Release|Any CPU
		{45AF61DB-6394-4F63-8E08-D659DCAC981E}.Release|x86.Build.0 = Release|Any CPU
		{45AF61DB-6394-4F63-8E08-D659DCAC981E}.Release|x86.Deploy.0 = Release|Any CPU
		{88103E3F-5A0E-40A5-8607-2655C7E1660F}.Debug|Any CPU.ActiveCfg = Debug|x64
		{88103E3F-5A0E-40A5-8607-2655C7E1660F}.Debug|Any CPU.Build.0 = Debug|x64
		{88103E3F-5A0E-40A5-8607-2655C7E1660F}.Debug|Any CPU.Deploy.0 = Debug|x64
		{88103E3F-5A0E-40A5-8607-2655C7E1660F}.Debug|ARM.ActiveCfg = Debug|ARM
		{88103E3F-5A0E-40A5-8607-2655C7E1660F}.Debug|ARM.Build.0 = Debug|ARM
		{88103E3F-5A0E-40A5-8607-2655C7E1660F}.Debug|ARM.Deploy.0 = Debug|ARM
		{88103E3F-5A0E-40A5-8607-2655C7E1660F}.Debug|iPhone.ActiveCfg = Debug|x64
		{88103E3F-5A0E-40A5-8607-2655C7E1660F}.Debug|iPhone.Build.0 = Debug|x64
		{88103E3F-5A0E-40A5-8607-2655C7E1660F}.Debug|iPhone.Deploy.0 = Debug|x64
		{88103E3F-5A0E-40A5-8607-2655C7E1660F}.Debug|iPhoneSimulator.ActiveCfg = Debug|x64
		{88103E3F-5A0E-40A5-8607-2655C7E1660F}.Debug|iPhoneSimulator.Build.0 = Debug|x64
		{88103E3F-5A0E-40A5-8607-2655C7E1660F}.Debug|iPhoneSimulator.Deploy.0 = Debug|x64
		{88103E3F-5A0E-40A5-8607-2655C7E1660F}.Debug|x64.ActiveCfg = Debug|x64
		{88103E3F-5A0E-40A5-8607-2655C7E1660F}.Debug|x64.Build.0 = Debug|x64
		{88103E3F-5A0E-40A5-8607-2655C7E1660F}.Debug|x64.Deploy.0 = Debug|x64
		{88103E3F-5A0E-40A5-8607-2655C7E1660F}.Debug|x86.ActiveCfg = Debug|x86
		{88103E3F-5A0E-40A5-8607-2655C7E1660F}.Debug|x86.Build.0 = Debug|x86
		{88103E3F-5A0E-40A5-8607-2655C7E1660F}.Debug|x86.Deploy.0 = Debug|x86
		{88103E3F-5A0E-40A5-8607-2655C7E1660F}.Release|Any CPU.ActiveCfg = Release|x64
		{88103E3F-5A0E-40A5-8607-2655C7E1660F}.Release|Any CPU.Build.0 = Release|x64
		{88103E3F-5A0E-40A5-8607-2655C7E1660F}.Release|Any CPU.Deploy.0 = Release|x64
		{88103E3F-5A0E-40A5-8607-2655C7E1660F}.Release|ARM.ActiveCfg = Release|ARM
		{88103E3F-5A0E-40A5-8607-2655C7E1660F}.Release|ARM.Build.0 = Release|ARM
		{88103E3F-5A0E-40A5-8607-2655C7E1660F}.Release|ARM.Deploy.0 = Release|ARM
		{88103E3F-5A0E-40A5-8607-2655C7E1660F}.Release|iPhone.ActiveCfg = Release|x64
		{88103E3F-5A0E-40A5-8607-2655C7E1660F}.Release|iPhone.Build.0 = Release|x64
		{88103E3F-5A0E-40A5-8607-2655C7E1660F}.Release|iPhone.Deploy.0 = Release|x64
		{88103E3F-5A0E-40A5-8607-2655C7E1660F}.Release|iPhoneSimulator.ActiveCfg = Release|x64
		{88103E3F-5A0E-40A5-8607-2655C7E1660F}.Release|iPhoneSimulator.Build.0 = Release|x64
		{88103E3F-5A0E-40A5-8607-2655C7E1660F}.Release|iPhoneSimulator.Deploy.0 = Release|x64
		{88103E3F-5A0E-40A5-8607-2655C7E1660F}.Release|x64.ActiveCfg = Release|x64
		{88103E3F-5A0E-40A5-8607-2655C7E1660F}.Release|x64.Build.0 = Release|x64
		{88103E3F-5A0E-40A5-8607-2655C7E1660F}.Release|x64.Deploy.0 = Release|x64
		{88103E3F-5A0E-40A5-8607-2655C7E1660F}.Release|x86.ActiveCfg = Release|x86
		{88103E3F-5A0E-40A5-8607-2655C7E1660F}.Release|x86.Build.0 = Release|x86
		{88103E3F-5A0E-40A5-8607-2655C7E1660F}.Release|x86.Deploy.0 = Release|x86
		{C84B95A9-DCBA-4E08-A760-E89B54092A47}.Debug|Any CPU.ActiveCfg = Debug|iPhoneSimulator
		{C84B95A9-DCBA-4E08-A760-E89B54092A47}.Debug|Any CPU.Build.0 = Debug|iPhoneSimulator
		{C84B95A9-DCBA-4E08-A760-E89B54092A47}.Debug|ARM.ActiveCfg = Debug|iPhoneSimulator
		{C84B95A9-DCBA-4E08-A760-E89B54092A47}.Debug|ARM.Build.0 = Debug|iPhoneSimulator
		{C84B95A9-DCBA-4E08-A760-E89B54092A47}.Debug|iPhone.ActiveCfg = Debug|iPhone
		{C84B95A9-DCBA-4E08-A760-E89B54092A47}.Debug|iPhone.Build.0 = Debug|iPhone
		{C84B95A9-DCBA-4E08-A760-E89B54092A47}.Debug|iPhoneSimulator.ActiveCfg = Debug|iPhoneSimulator
		{C84B95A9-DCBA-4E08-A760-E89B54092A47}.Debug|iPhoneSimulator.Build.0 = Debug|iPhoneSimulator
		{C84B95A9-DCBA-4E08-A760-E89B54092A47}.Debug|x64.ActiveCfg = Debug|iPhoneSimulator
		{C84B95A9-DCBA-4E08-A760-E89B54092A47}.Debug|x64.Build.0 = Debug|iPhoneSimulator
		{C84B95A9-DCBA-4E08-A760-E89B54092A47}.Debug|x86.ActiveCfg = Debug|iPhoneSimulator
		{C84B95A9-DCBA-4E08-A760-E89B54092A47}.Debug|x86.Build.0 = Debug|iPhoneSimulator
		{C84B95A9-DCBA-4E08-A760-E89B54092A47}.Release|Any CPU.ActiveCfg = Release|iPhoneSimulator
		{C84B95A9-DCBA-4E08-A760-E89B54092A47}.Release|Any CPU.Build.0 = Release|iPhoneSimulator
		{C84B95A9-DCBA-4E08-A760-E89B54092A47}.Release|ARM.ActiveCfg = Release|iPhoneSimulator
		{C84B95A9-DCBA-4E08-A760-E89B54092A47}.Release|ARM.Build.0 = Release|iPhoneSimulator
		{C84B95A9-DCBA-4E08-A760-E89B54092A47}.Release|iPhone.ActiveCfg = Release|iPhone
		{C84B95A9-DCBA-4E08-A760-E89B54092A47}.Release|iPhone.Build.0 = Release|iPhone
		{C84B95A9-DCBA-4E08-A760-E89B54092A47}.Release|iPhoneSimulator.ActiveCfg = Release|iPhoneSimulator
		{C84B95A9-DCBA-4E08-A760-E89B54092A47}.Release|iPhoneSimulator.Build.0 = Release|iPhoneSimulator
		{C84B95A9-DCBA-4E08-A760-E89B54092A47}.Release|x64.ActiveCfg = Release|iPhoneSimulator
		{C84B95A9-DCBA-4E08-A760-E89B54092A47}.Release|x64.Build.0 = Release|iPhoneSimulator
		{C84B95A9-DCBA-4E08-A760-E89B54092A47}.Release|x86.ActiveCfg = Release|iPhoneSimulator
		{C84B95A9-DCBA-4E08-A760-E89B54092A47}.Release|x86.Build.0 = Release|iPhoneSimulator
	EndGlobalSection
	GlobalSection(SolutionProperties) = preSolution
		HideSolutionNode = FALSE
	EndGlobalSection
	GlobalSection(ExtensibilityGlobals) = postSolution
		SolutionGuid = {61F7FB11-1E47-470C-91E2-47F8143E1572}
	EndGlobalSection
EndGlobal
